Microsoft Visual Studio Solution File, Format Version 11.00
# Visual Studio 2008

Project("{C7865D62-826F-3EE0-7932-52724B1E630D}") = "userflow - JSH", "Assembly-CSharp.csproj", "{2DD911C8-4CC6-8C50-7046-5F3B390283C2}"
EndProject
Project("{C7865D62-826F-3EE0-7932-52724B1E630D}") = "userflow - JSH", "Assembly-CSharp-Editor.csproj", "{23209F72-52AE-4746-F0AF-96D4723C9FA7}"
EndProject
Global
	GlobalSection(SolutionConfigurationPlatforms) = preSolution
		Debug|Any CPU = Debug|Any CPU
		Release|Any CPU = Release|Any CPU
	EndGlobalSection
	GlobalSection(ProjectConfigurationPlatforms) = postSolution
		{2DD911C8-4CC6-8C50-7046-5F3B390283C2}.Debug|Any CPU.ActiveCfg = Debug|Any CPU
		{2DD911C8-4CC6-8C50-7046-5F3B390283C2}.Debug|Any CPU.Build.0 = Debug|Any CPU
		{2DD911C8-4CC6-8C50-7046-5F3B390283C2}.Release|Any CPU.ActiveCfg = Release|Any CPU
		{2DD911C8-4CC6-8C50-7046-5F3B390283C2}.Release|Any CPU.Build.0 = Release|Any CPU
		{23209F72-52AE-4746-F0AF-96D4723C9FA7}.Debug|Any CPU.ActiveCfg = Debug|Any CPU
		{23209F72-52AE-4746-F0AF-96D4723C9FA7}.Debug|Any CPU.Build.0 = Debug|Any CPU
		{23209F72-52AE-4746-F0AF-96D4723C9FA7}.Release|Any CPU.ActiveCfg = Release|Any CPU
		{23209F72-52AE-4746-F0AF-96D4723C9FA7}.Release|Any CPU.Build.0 = Release|Any CPU
	EndGlobalSection
	GlobalSection(SolutionProperties) = preSolution
		HideSolutionNode = FALSE
	EndGlobalSection
								GlobalSection(MonoDevelopProperties) = preSolution
		StartupItem = Assembly-CSharp.csproj
		Policies = $0
		$0.TextStylePolicy = $1
		$1.inheritsSet = null
		$1.scope = text/x-csharp
		$0.CSharpFormattingPolicy = $2
		$2.inheritsSet = Mono
		$2.inheritsScope = text/x-csharp
		$2.scope = text/x-csharp
		$0.TextStylePolicy = $3
		$3.FileWidth = 120
		$3.TabWidth = 4
		$3.EolMarker = Unix
		$3.inheritsSet = Mono
		$3.inheritsScope = text/plain
		$3.scope = text/plain
	EndGlobalSection

EndGlobal
